# THIS IS AN AUTOGENERATED FILE. DO NOT EDIT THIS FILE DIRECTLY.
# yarn lockfile v1


lazyload@^2.0.0-beta.2:
  version "2.0.0-beta.2"
  resolved "http://registry.npm.taobao.org/lazyload/download/lazyload-2.0.0-beta.2.tgz#1dc729c3739f06fdc825702c33b9dd99f89ebcbd"
  integrity sha1-Hccpw3OfBv3IJXAsM7ndmfievL0=
