{
  "name": "wepy-todolist",
  "version": "0.0.2",
  "lockfileVersion": 1,
  "requires": true,
  "dependencies": {
    "wepy": {
      "version": "1.7.2",
      "resolved": "http://registry.npm.taobao.org/wepy/download/wepy-1.7.2.tgz",
      "integrity": "sha1-Z5BSQB8rH0gYZEvET4i3KXVJGmQ="
    }
  }
}
